
Microsoft Visual Studio Solution File, Format Version 12.00
# Visual Studio Version 17
VisualStudioVersion = 17.0.31903.59
MinimumVisualStudioVersion = 10.0.40219.1
Project("{2150E333-8FDC-42A3-9474-1A3956D46DE8}") = "src", "src", "{1B1C55EE-DF65-43A3-9556-4E9F6E72DEA1}"
EndProject
Project("{FAE04EC0-301F-11D3-BF4B-00C04F79EFBC}") = "ChallengeApp", "src\ChallengeApp\ChallengeApp.csproj", "{4705ED60-B924-4857-9822-01ED4E2DE70B}"
EndProject
Project("{2150E333-8FDC-42A3-9474-1A3956D46DE8}") = "test", "test", "{B11B77A0-54AC-47AB-8B2E-81974085E54F}"
EndProject
Project("{FAE04EC0-301F-11D3-BF4B-00C04F79EFBC}") = "Challenge.Tests", "test\Challenge.Tests\Challenge.Tests.csproj", "{1B877AD8-0541-4190-B209-F03E62E07852}"
EndProject
Global
	GlobalSection(SolutionConfigurationPlatforms) = preSolution
		Debug|Any CPU = Debug|Any CPU
		Release|Any CPU = Release|Any CPU
	EndGlobalSection
	GlobalSection(SolutionProperties) = preSolution
		HideSolutionNode = FALSE
	EndGlobalSection
	GlobalSection(ProjectConfigurationPlatforms) = postSolution
		{4705ED60-B924-4857-9822-01ED4E2DE70B}.Debug|Any CPU.ActiveCfg = Debug|Any CPU
		{4705ED60-B924-4857-9822-01ED4E2DE70B}.Debug|Any CPU.Build.0 = Debug|Any CPU
		{4705ED60-B924-4857-9822-01ED4E2DE70B}.Release|Any CPU.ActiveCfg = Release|Any CPU
		{4705ED60-B924-4857-9822-01ED4E2DE70B}.Release|Any CPU.Build.0 = Release|Any CPU
		{1B877AD8-0541-4190-B209-F03E62E07852}.Debug|Any CPU.ActiveCfg = Debug|Any CPU
		{1B877AD8-0541-4190-B209-F03E62E07852}.Debug|Any CPU.Build.0 = Debug|Any CPU
		{1B877AD8-0541-4190-B209-F03E62E07852}.Release|Any CPU.ActiveCfg = Release|Any CPU
		{1B877AD8-0541-4190-B209-F03E62E07852}.Release|Any CPU.Build.0 = Release|Any CPU
	EndGlobalSection
	GlobalSection(NestedProjects) = preSolution
		{4705ED60-B924-4857-9822-01ED4E2DE70B} = {1B1C55EE-DF65-43A3-9556-4E9F6E72DEA1}
		{1B877AD8-0541-4190-B209-F03E62E07852} = {B11B77A0-54AC-47AB-8B2E-81974085E54F}
	EndGlobalSection
EndGlobal
